// !$*UTF8*$!
{
	archiveVersion = 1;
	classes = {
	};
	objectVersion = 48;
	objects = {

/* Begin PBXBuildFile section */
		2C7BA2F320C34A1E009FE671 /* AppDelegate.swift in Sources */ = {isa = PBXBuildFile; fileRef = 2C7BA2F220C34A1E009FE671 /* AppDelegate.swift */; };
		2C7BA2F520C34A1E009FE671 /* HubViewController.swift in Sources */ = {isa = PBXBuildFile; fileRef = 2C7BA2F420C34A1E009FE671 /* HubViewController.swift */; };
		2C7BA2FA20C34A1E009FE671 /* Assets.xcassets in Resources */ = {isa = PBXBuildFile; fileRef = 2C7BA2F920C34A1E009FE671 /* Assets.xcassets */; };
		2C7BA2FD20C34A1E009FE671 /* LaunchScreen.storyboard in Resources */ = {isa = PBXBuildFile; fileRef = 2C7BA2FB20C34A1E009FE671 /* LaunchScreen.storyboard */; };
		2C7BA30820C34A1F009FE671 /* ClickOnMapiOSTests.swift in Sources */ = {isa = PBXBuildFile; fileRef = 2C7BA30720C34A1F009FE671 /* ClickOnMapiOSTests.swift */; };
		2C7BA31320C34A1F009FE671 /* ClickOnMapiOSUITests.swift in Sources */ = {isa = PBXBuildFile; fileRef = 2C7BA31220C34A1F009FE671 /* ClickOnMapiOSUITests.swift */; };
		2C7BA32520C34C25009FE671 /* HubViewExample.xib in Resources */ = {isa = PBXBuildFile; fileRef = 2C7BA32420C34C25009FE671 /* HubViewExample.xib */; };
		2CEA7F8820D9EF3900392A5A /* HubView.xib in Resources */ = {isa = PBXBuildFile; fileRef = 2CEA7F8720D9EF3900392A5A /* HubView.xib */; };
		2CEA7F8A20DA0B9700392A5A /* HubCollectionViewCell.swift in Sources */ = {isa = PBXBuildFile; fileRef = 2CEA7F8920DA0B9700392A5A /* HubCollectionViewCell.swift */; };
/* End PBXBuildFile section */

/* Begin PBXContainerItemProxy section */
		2C7BA30420C34A1F009FE671 /* PBXContainerItemProxy */ = {
			isa = PBXContainerItemProxy;
			containerPortal = 2C7BA2E720C34A1E009FE671 /* Project object */;
			proxyType = 1;
			remoteGlobalIDString = 2C7BA2EE20C34A1E009FE671;
			remoteInfo = ClickOnMapiOS;
		};
		2C7BA30F20C34A1F009FE671 /* PBXContainerItemProxy */ = {
			isa = PBXContainerItemProxy;
			containerPortal = 2C7BA2E720C34A1E009FE671 /* Project object */;
			proxyType = 1;
			remoteGlobalIDString = 2C7BA2EE20C34A1E009FE671;
			remoteInfo = ClickOnMapiOS;
		};
/* End PBXContainerItemProxy section */

/* Begin PBXFileReference section */
		2C7BA2EF20C34A1E009FE671 /* ClickOnMapiOS.app */ = {isa = PBXFileReference; explicitFileType = wrapper.application; includeInIndex = 0; path = ClickOnMapiOS.app; sourceTree = BUILT_PRODUCTS_DIR; };
		2C7BA2F220C34A1E009FE671 /* AppDelegate.swift */ = {isa = PBXFileReference; lastKnownFileType = sourcecode.swift; path = AppDelegate.swift; sourceTree = "<group>"; };
		2C7BA2F420C34A1E009FE671 /* HubViewController.swift */ = {isa = PBXFileReference; lastKnownFileType = sourcecode.swift; path = HubViewController.swift; sourceTree = "<group>"; };
		2C7BA2F920C34A1E009FE671 /* Assets.xcassets */ = {isa = PBXFileReference; lastKnownFileType = folder.assetcatalog; path = Assets.xcassets; sourceTree = "<group>"; };
		2C7BA2FC20C34A1E009FE671 /* Base */ = {isa = PBXFileReference; lastKnownFileType = file.storyboard; name = Base; path = Base.lproj/LaunchScreen.storyboard; sourceTree = "<group>"; };
		2C7BA2FE20C34A1E009FE671 /* Info.plist */ = {isa = PBXFileReference; lastKnownFileType = text.plist.xml; path = Info.plist; sourceTree = "<group>"; };
		2C7BA30320C34A1F009FE671 /* ClickOnMapiOSTests.xctest */ = {isa = PBXFileReference; explicitFileType = wrapper.cfbundle; includeInIndex = 0; path = ClickOnMapiOSTests.xctest; sourceTree = BUILT_PRODUCTS_DIR; };
		2C7BA30720C34A1F009FE671 /* ClickOnMapiOSTests.swift */ = {isa = PBXFileReference; lastKnownFileType = sourcecode.swift; path = ClickOnMapiOSTests.swift; sourceTree = "<group>"; };
		2C7BA30920C34A1F009FE671 /* Info.plist */ = {isa = PBXFileReference; lastKnownFileType = text.plist.xml; path = Info.plist; sourceTree = "<group>"; };
		2C7BA30E20C34A1F009FE671 /* ClickOnMapiOSUITests.xctest */ = {isa = PBXFileReference; explicitFileType = wrapper.cfbundle; includeInIndex = 0; path = ClickOnMapiOSUITests.xctest; sourceTree = BUILT_PRODUCTS_DIR; };
		2C7BA31220C34A1F009FE671 /* ClickOnMapiOSUITests.swift */ = {isa = PBXFileReference; lastKnownFileType = sourcecode.swift; path = ClickOnMapiOSUITests.swift; sourceTree = "<group>"; };
		2C7BA31420C34A1F009FE671 /* Info.plist */ = {isa = PBXFileReference; lastKnownFileType = text.plist.xml; path = Info.plist; sourceTree = "<group>"; };
		2C7BA32420C34C25009FE671 /* HubViewExample.xib */ = {isa = PBXFileReference; lastKnownFileType = file.xib; path = HubViewExample.xib; sourceTree = "<group>"; };
		2CEA7F8720D9EF3900392A5A /* HubView.xib */ = {isa = PBXFileReference; lastKnownFileType = file.xib; path = HubView.xib; sourceTree = "<group>"; };
		2CEA7F8920DA0B9700392A5A /* HubCollectionViewCell.swift */ = {isa = PBXFileReference; lastKnownFileType = sourcecode.swift; path = HubCollectionViewCell.swift; sourceTree = "<group>"; };
/* End PBXFileReference section */

/* Begin PBXFrameworksBuildPhase section */
		2C7BA2EC20C34A1E009FE671 /* Frameworks */ = {
			isa = PBXFrameworksBuildPhase;
			buildActionMask = 2147483647;
			files = (
			);
			runOnlyForDeploymentPostprocessing = 0;
		};
		2C7BA30020C34A1F009FE671 /* Frameworks */ = {
			isa = PBXFrameworksBuildPhase;
			buildActionMask = 2147483647;
			files = (
			);
			runOnlyForDeploymentPostprocessing = 0;
		};
		2C7BA30B20C34A1F009FE671 /* Frameworks */ = {
			isa = PBXFrameworksBuildPhase;
			buildActionMask = 2147483647;
			files = (
			);
			runOnlyForDeploymentPostprocessing = 0;
		};
/* End PBXFrameworksBuildPhase section */

/* Begin PBXGroup section */
		2C7BA2E620C34A1E009FE671 = {
			isa = PBXGroup;
			children = (
				2C7BA2F120C34A1E009FE671 /* ClickOnMapiOS */,
				2C7BA30620C34A1F009FE671 /* ClickOnMapiOSTests */,
				2C7BA31120C34A1F009FE671 /* ClickOnMapiOSUITests */,
				2C7BA2F020C34A1E009FE671 /* Products */,
			);
			sourceTree = "<group>";
		};
		2C7BA2F020C34A1E009FE671 /* Products */ = {
			isa = PBXGroup;
			children = (
				2C7BA2EF20C34A1E009FE671 /* ClickOnMapiOS.app */,
				2C7BA30320C34A1F009FE671 /* ClickOnMapiOSTests.xctest */,
				2C7BA30E20C34A1F009FE671 /* ClickOnMapiOSUITests.xctest */,
			);
			name = Products;
			sourceTree = "<group>";
		};
		2C7BA2F120C34A1E009FE671 /* ClickOnMapiOS */ = {
			isa = PBXGroup;
			children = (
				2C7BA32220C34B92009FE671 /* model */,
				2C7BA32120C34B84009FE671 /* controller */,
				2C7BA32320C34BA0009FE671 /* view */,
				2C7BA2F220C34A1E009FE671 /* AppDelegate.swift */,
				2C7BA2F920C34A1E009FE671 /* Assets.xcassets */,
				2C7BA2FB20C34A1E009FE671 /* LaunchScreen.storyboard */,
				2C7BA2FE20C34A1E009FE671 /* Info.plist */,
			);
			path = ClickOnMapiOS;
			sourceTree = "<group>";
		};
		2C7BA30620C34A1F009FE671 /* ClickOnMapiOSTests */ = {
			isa = PBXGroup;
			children = (
				2C7BA30720C34A1F009FE671 /* ClickOnMapiOSTests.swift */,
				2C7BA30920C34A1F009FE671 /* Info.plist */,
			);
			path = ClickOnMapiOSTests;
			sourceTree = "<group>";
		};
		2C7BA31120C34A1F009FE671 /* ClickOnMapiOSUITests */ = {
			isa = PBXGroup;
			children = (
				2C7BA31220C34A1F009FE671 /* ClickOnMapiOSUITests.swift */,
				2C7BA31420C34A1F009FE671 /* Info.plist */,
			);
			path = ClickOnMapiOSUITests;
			sourceTree = "<group>";
		};
		2C7BA32120C34B84009FE671 /* controller */ = {
			isa = PBXGroup;
			children = (
				2C7BA2F420C34A1E009FE671 /* HubViewController.swift */,
			);
			path = controller;
			sourceTree = "<group>";
		};
		2C7BA32220C34B92009FE671 /* model */ = {
			isa = PBXGroup;
			children = (
			);
			path = model;
			sourceTree = "<group>";
		};
		2C7BA32320C34BA0009FE671 /* view */ = {
			isa = PBXGroup;
			children = (
				2C7BA32420C34C25009FE671 /* HubViewExample.xib */,
				2CEA7F8720D9EF3900392A5A /* HubView.xib */,
				2CEA7F8920DA0B9700392A5A /* HubCollectionViewCell.swift */,
			);
			path = view;
			sourceTree = "<group>";
		};
/* End PBXGroup section */

/* Begin PBXNativeTarget section */
		2C7BA2EE20C34A1E009FE671 /* ClickOnMapiOS */ = {
			isa = PBXNativeTarget;
			buildConfigurationList = 2C7BA31720C34A1F009FE671 /* Build configuration list for PBXNativeTarget "ClickOnMapiOS" */;
			buildPhases = (
				2C7BA2EB20C34A1E009FE671 /* Sources */,
				2C7BA2EC20C34A1E009FE671 /* Frameworks */,
				2C7BA2ED20C34A1E009FE671 /* Resources */,
			);
			buildRules = (
			);
			dependencies = (
			);
			name = ClickOnMapiOS;
			productName = ClickOnMapiOS;
			productReference = 2C7BA2EF20C34A1E009FE671 /* ClickOnMapiOS.app */;
			productType = "com.apple.product-type.application";
		};
		2C7BA30220C34A1F009FE671 /* ClickOnMapiOSTests */ = {
			isa = PBXNativeTarget;
			buildConfigurationList = 2C7BA31A20C34A1F009FE671 /* Build configuration list for PBXNativeTarget "ClickOnMapiOSTests" */;
			buildPhases = (
				2C7BA2FF20C34A1F009FE671 /* Sources */,
				2C7BA30020C34A1F009FE671 /* Frameworks */,
				2C7BA30120C34A1F009FE671 /* Resources */,
			);
			buildRules = (
			);
			dependencies = (
				2C7BA30520C34A1F009FE671 /* PBXTargetDependency */,
			);
			name = ClickOnMapiOSTests;
			productName = ClickOnMapiOSTests;
			productReference = 2C7BA30320C34A1F009FE671 /* ClickOnMapiOSTests.xctest */;
			productType = "com.apple.product-type.bundle.unit-test";
		};
		2C7BA30D20C34A1F009FE671 /* ClickOnMapiOSUITests */ = {
			isa = PBXNativeTarget;
			buildConfigurationList = 2C7BA31D20C34A1F009FE671 /* Build configuration list for PBXNativeTarget "ClickOnMapiOSUITests" */;
			buildPhases = (
				2C7BA30A20C34A1F009FE671 /* Sources */,
				2C7BA30B20C34A1F009FE671 /* Frameworks */,
				2C7BA30C20C34A1F009FE671 /* Resources */,
			);
			buildRules = (
			);
			dependencies = (
				2C7BA31020C34A1F009FE671 /* PBXTargetDependency */,
			);
			name = ClickOnMapiOSUITests;
			productName = ClickOnMapiOSUITests;
			productReference = 2C7BA30E20C34A1F009FE671 /* ClickOnMapiOSUITests.xctest */;
			productType = "com.apple.product-type.bundle.ui-testing";
		};
/* End PBXNativeTarget section */

/* Begin PBXProject section */
		2C7BA2E720C34A1E009FE671 /* Project object */ = {
			isa = PBXProject;
			attributes = {
				LastSwiftUpdateCheck = 0910;
				LastUpgradeCheck = 0910;
				ORGANIZATIONNAME = "Zoárd Geöcze";
				TargetAttributes = {
					2C7BA2EE20C34A1E009FE671 = {
						CreatedOnToolsVersion = 9.1;
						ProvisioningStyle = Automatic;
					};
					2C7BA30220C34A1F009FE671 = {
						CreatedOnToolsVersion = 9.1;
						ProvisioningStyle = Automatic;
						TestTargetID = 2C7BA2EE20C34A1E009FE671;
					};
					2C7BA30D20C34A1F009FE671 = {
						CreatedOnToolsVersion = 9.1;
						ProvisioningStyle = Automatic;
						TestTargetID = 2C7BA2EE20C34A1E009FE671;
					};
				};
			};
			buildConfigurationList = 2C7BA2EA20C34A1E009FE671 /* Build configuration list for PBXProject "ClickOnMapiOS" */;
			compatibilityVersion = "Xcode 8.0";
			developmentRegion = en;
			hasScannedForEncodings = 0;
			knownRegions = (
				en,
				Base,
			);
			mainGroup = 2C7BA2E620C34A1E009FE671;
			productRefGroup = 2C7BA2F020C34A1E009FE671 /* Products */;
			projectDirPath = "";
			projectRoot = "";
			targets = (
				2C7BA2EE20C34A1E009FE671 /* ClickOnMapiOS */,
				2C7BA30220C34A1F009FE671 /* ClickOnMapiOSTests */,
				2C7BA30D20C34A1F009FE671 /* ClickOnMapiOSUITests */,
			);
		};
/* End PBXProject section */

/* Begin PBXResourcesBuildPhase section */
		2C7BA2ED20C34A1E009FE671 /* Resources */ = {
			isa = PBXResourcesBuildPhase;
			buildActionMask = 2147483647;
			files = (
				2C7BA2FD20C34A1E009FE671 /* LaunchScreen.storyboard in Resources */,
				2C7BA2FA20C34A1E009FE671 /* Assets.xcassets in Resources */,
				2CEA7F8820D9EF3900392A5A /* HubView.xib in Resources */,
				2C7BA32520C34C25009FE671 /* HubViewExample.xib in Resources */,
			);
			runOnlyForDeploymentPostprocessing = 0;
		};
		2C7BA30120C34A1F009FE671 /* Resources */ = {
			isa = PBXResourcesBuildPhase;
			buildActionMask = 2147483647;
			files = (
			);
			runOnlyForDeploymentPostprocessing = 0;
		};
		2C7BA30C20C34A1F009FE671 /* Resources */ = {
			isa = PBXResourcesBuildPhase;
			buildActionMask = 2147483647;
			files = (
			);
			runOnlyForDeploymentPostprocessing = 0;
		};
/* End PBXResourcesBuildPhase section */

/* Begin PBXSourcesBuildPhase section */
		2C7BA2EB20C34A1E009FE671 /* Sources */ = {
			isa = PBXSourcesBuildPhase;
			buildActionMask = 2147483647;
			files = (
				2C7BA2F520C34A1E009FE671 /* HubViewController.swift in Sources */,
				2C7BA2F320C34A1E009FE671 /* AppDelegate.swift in Sources */,
				2CEA7F8A20DA0B9700392A5A /* HubCollectionViewCell.swift in Sources */,
			);
			runOnlyForDeploymentPostprocessing = 0;
		};
		2C7BA2FF20C34A1F009FE671 /* Sources */ = {
			isa = PBXSourcesBuildPhase;
			buildActionMask = 2147483647;
			files = (
				2C7BA30820C34A1F009FE671 /* ClickOnMapiOSTests.swift in Sources */,
			);
			runOnlyForDeploymentPostprocessing = 0;
		};
		2C7BA30A20C34A1F009FE671 /* Sources */ = {
			isa = PBXSourcesBuildPhase;
			buildActionMask = 2147483647;
			files = (
				2C7BA31320C34A1F009FE671 /* ClickOnMapiOSUITests.swift in Sources */,
			);
			runOnlyForDeploymentPostprocessing = 0;
		};
/* End PBXSourcesBuildPhase section */

/* Begin PBXTargetDependency section */
		2C7BA30520C34A1F009FE671 /* PBXTargetDependency */ = {
			isa = PBXTargetDependency;
			target = 2C7BA2EE20C34A1E009FE671 /* ClickOnMapiOS */;
			targetProxy = 2C7BA30420C34A1F009FE671 /* PBXContainerItemProxy */;
		};
		2C7BA31020C34A1F009FE671 /* PBXTargetDependency */ = {
			isa = PBXTargetDependency;
			target = 2C7BA2EE20C34A1E009FE671 /* ClickOnMapiOS */;
			targetProxy = 2C7BA30F20C34A1F009FE671 /* PBXContainerItemProxy */;
		};
/* End PBXTargetDependency section */

/* Begin PBXVariantGroup section */
		2C7BA2FB20C34A1E009FE671 /* LaunchScreen.storyboard */ = {
			isa = PBXVariantGroup;
			children = (
				2C7BA2FC20C34A1E009FE671 /* Base */,
			);
			name = LaunchScreen.storyboard;
			sourceTree = "<group>";
		};
/* End PBXVariantGroup section */

/* Begin XCBuildConfiguration section */
		2C7BA31520C34A1F009FE671 /* Debug */ = {
			isa = XCBuildConfiguration;
			buildSettings = {
				ALWAYS_SEARCH_USER_PATHS = NO;
				CLANG_ANALYZER_NONNULL = YES;
				CLANG_ANALYZER_NUMBER_OBJECT_CONVERSION = YES_AGGRESSIVE;
				CLANG_CXX_LANGUAGE_STANDARD = "gnu++14";
				CLANG_CXX_LIBRARY = "libc++";
				CLANG_ENABLE_MODULES = YES;
				CLANG_ENABLE_OBJC_ARC = YES;
				CLANG_WARN_BLOCK_CAPTURE_AUTORELEASING = YES;
				CLANG_WARN_BOOL_CONVERSION = YES;
				CLANG_WARN_COMMA = YES;
				CLANG_WARN_CONSTANT_CONVERSION = YES;
				CLANG_WARN_DIRECT_OBJC_ISA_USAGE = YES_ERROR;
				CLANG_WARN_DOCUMENTATION_COMMENTS = YES;
				CLANG_WARN_EMPTY_BODY = YES;
				CLANG_WARN_ENUM_CONVERSION = YES;
				CLANG_WARN_INFINITE_RECURSION = YES;
				CLANG_WARN_INT_CONVERSION = YES;
				CLANG_WARN_NON_LITERAL_NULL_CONVERSION = YES;
				CLANG_WARN_OBJC_LITERAL_CONVERSION = YES;
				CLANG_WARN_OBJC_ROOT_CLASS = YES_ERROR;
				CLANG_WARN_RANGE_LOOP_ANALYSIS = YES;
				CLANG_WARN_STRICT_PROTOTYPES = YES;
				CLANG_WARN_SUSPICIOUS_MOVE = YES;
				CLANG_WARN_UNGUARDED_AVAILABILITY = YES_AGGRESSIVE;
				CLANG_WARN_UNREACHABLE_CODE = YES;
				CLANG_WARN__DUPLICATE_METHOD_MATCH = YES;
				CODE_SIGN_IDENTITY = "iPhone Developer";
				COPY_PHASE_STRIP = NO;
				DEBUG_INFORMATION_FORMAT = dwarf;
				ENABLE_STRICT_OBJC_MSGSEND = YES;
				ENABLE_TESTABILITY = YES;
				GCC_C_LANGUAGE_STANDARD = gnu11;
				GCC_DYNAMIC_NO_PIC = NO;
				GCC_NO_COMMON_BLOCKS = YES;
				GCC_OPTIMIZATION_LEVEL = 0;
				GCC_PREPROCESSOR_DEFINITIONS = (
					"DEBUG=1",
					"$(inherited)",
				);
				GCC_WARN_64_TO_32_BIT_CONVERSION = YES;
				GCC_WARN_ABOUT_RETURN_TYPE = YES_ERROR;
				GCC_WARN_UNDECLARED_SELECTOR = YES;
				GCC_WARN_UNINITIALIZED_AUTOS = YES_AGGRESSIVE;
				GCC_WARN_UNUSED_FUNCTION = YES;
				GCC_WARN_UNUSED_VARIABLE = YES;
				IPHONEOS_DEPLOYMENT_TARGET = 11.1;
				MTL_ENABLE_DEBUG_INFO = YES;
				ONLY_ACTIVE_ARCH = YES;
				SDKROOT = iphoneos;
				SWIFT_ACTIVE_COMPILATION_CONDITIONS = DEBUG;
				SWIFT_OPTIMIZATION_LEVEL = "-Onone";
			};
			name = Debug;
		};
		2C7BA31620C34A1F009FE671 /* Release */ = {
			isa = XCBuildConfiguration;
			buildSettings = {
				ALWAYS_SEARCH_USER_PATHS = NO;
				CLANG_ANALYZER_NONNULL = YES;
				CLANG_ANALYZER_NUMBER_OBJECT_CONVERSION = YES_AGGRESSIVE;
				CLANG_CXX_LANGUAGE_STANDARD = "gnu++14";
				CLANG_CXX_LIBRARY = "libc++";
				CLANG_ENABLE_MODULES = YES;
				CLANG_ENABLE_OBJC_ARC = YES;
				CLANG_WARN_BLOCK_CAPTURE_AUTORELEASING = YES;
				CLANG_WARN_BOOL_CONVERSION = YES;
				CLANG_WARN_COMMA = YES;
				CLANG_WARN_CONSTANT_CONVERSION = YES;
				CLANG_WARN_DIRECT_OBJC_ISA_USAGE = YES_ERROR;
				CLANG_WARN_DOCUMENTATION_COMMENTS = YES;
				CLANG_WARN_EMPTY_BODY = YES;
				CLANG_WARN_ENUM_CONVERSION = YES;
				CLANG_WARN_INFINITE_RECURSION = YES;
				CLANG_WARN_INT_CONVERSION = YES;
				CLANG_WARN_NON_LITERAL_NULL_CONVERSION = YES;
				CLANG_WARN_OBJC_LITERAL_CONVERSION = YES;
				CLANG_WARN_OBJC_ROOT_CLASS = YES_ERROR;
				CLANG_WARN_RANGE_LOOP_ANALYSIS = YES;
				CLANG_WARN_STRICT_PROTOTYPES = YES;
				CLANG_WARN_SUSPICIOUS_MOVE = YES;
				CLANG_WARN_UNGUARDED_AVAILABILITY = YES_AGGRESSIVE;
				CLANG_WARN_UNREACHABLE_CODE = YES;
				CLANG_WARN__DUPLICATE_METHOD_MATCH = YES;
				CODE_SIGN_IDENTITY = "iPhone Developer";
				COPY_PHASE_STRIP = NO;
				DEBUG_INFORMATION_FORMAT = "dwarf-with-dsym";
				ENABLE_NS_ASSERTIONS = NO;
				ENABLE_STRICT_OBJC_MSGSEND = YES;
				GCC_C_LANGUAGE_STANDARD = gnu11;
				GCC_NO_COMMON_BLOCKS = YES;
				GCC_WARN_64_TO_32_BIT_CONVERSION = YES;
				GCC_WARN_ABOUT_RETURN_TYPE = YES_ERROR;
				GCC_WARN_UNDECLARED_SELECTOR = YES;
				GCC_WARN_UNINITIALIZED_AUTOS = YES_AGGRESSIVE;
				GCC_WARN_UNUSED_FUNCTION = YES;
				GCC_WARN_UNUSED_VARIABLE = YES;
				IPHONEOS_DEPLOYMENT_TARGET = 11.1;
				MTL_ENABLE_DEBUG_INFO = NO;
				SDKROOT = iphoneos;
				SWIFT_OPTIMIZATION_LEVEL = "-Owholemodule";
				VALIDATE_PRODUCT = YES;
			};
			name = Release;
		};
		2C7BA31820C34A1F009FE671 /* Debug */ = {
			isa = XCBuildConfiguration;
			buildSettings = {
				ASSETCATALOG_COMPILER_APPICON_NAME = AppIcon;
				CODE_SIGN_STYLE = Automatic;
				DEVELOPMENT_TEAM = T27P2U47KX;
				INFOPLIST_FILE = ClickOnMapiOS/Info.plist;
				LD_RUNPATH_SEARCH_PATHS = "$(inherited) @executable_path/Frameworks";
				PRODUCT_BUNDLE_IDENTIFIER = ZoardGeocze.ClickOnMapiOS;
				PRODUCT_NAME = "$(TARGET_NAME)";
				SWIFT_VERSION = 4.0;
				TARGETED_DEVICE_FAMILY = 1;
			};
			name = Debug;
		};
		2C7BA31920C34A1F009FE671 /* Release */ = {
			isa = XCBuildConfiguration;
			buildSettings = {
				ASSETCATALOG_COMPILER_APPICON_NAME = AppIcon;
				CODE_SIGN_STYLE = Automatic;
				DEVELOPMENT_TEAM = T27P2U47KX;
				INFOPLIST_FILE = ClickOnMapiOS/Info.plist;
				LD_RUNPATH_SEARCH_PATHS = "$(inherited) @executable_path/Frameworks";
				PRODUCT_BUNDLE_IDENTIFIER = ZoardGeocze.ClickOnMapiOS;
				PRODUCT_NAME = "$(TARGET_NAME)";
				SWIFT_VERSION = 4.0;
				TARGETED_DEVICE_FAMILY = 1;
			};
			name = Release;
		};
		2C7BA31B20C34A1F009FE671 /* Debug */ = {
			isa = XCBuildConfiguration;
			buildSettings = {
				ALWAYS_EMBED_SWIFT_STANDARD_LIBRARIES = YES;
				BUNDLE_LOADER = "$(TEST_HOST)";
				CODE_SIGN_STYLE = Automatic;
				DEVELOPMENT_TEAM = LJ9A6KM544;
				INFOPLIST_FILE = ClickOnMapiOSTests/Info.plist;
				LD_RUNPATH_SEARCH_PATHS = "$(inherited) @executable_path/Frameworks @loader_path/Frameworks";
				PRODUCT_BUNDLE_IDENTIFIER = ZoardGeocze.ClickOnMapiOSTests;
				PRODUCT_NAME = "$(TARGET_NAME)";
				SWIFT_VERSION = 4.0;
				TARGETED_DEVICE_FAMILY = "1,2";
				TEST_HOST = "$(BUILT_PRODUCTS_DIR)/ClickOnMapiOS.app/ClickOnMapiOS";
			};
			name = Debug;
		};
		2C7BA31C20C34A1F009FE671 /* Release */ = {
			isa = XCBuildConfiguration;
			buildSettings = {
				ALWAYS_EMBED_SWIFT_STANDARD_LIBRARIES = YES;
				BUNDLE_LOADER = "$(TEST_HOST)";
				CODE_SIGN_STYLE = Automatic;
				DEVELOPMENT_TEAM = LJ9A6KM544;
				INFOPLIST_FILE = ClickOnMapiOSTests/Info.plist;
				LD_RUNPATH_SEARCH_PATHS = "$(inherited) @executable_path/Frameworks @loader_path/Frameworks";
				PRODUCT_BUNDLE_IDENTIFIER = ZoardGeocze.ClickOnMapiOSTests;
				PRODUCT_NAME = "$(TARGET_NAME)";
				SWIFT_VERSION = 4.0;
				TARGETED_DEVICE_FAMILY = "1,2";
				TEST_HOST = "$(BUILT_PRODUCTS_DIR)/ClickOnMapiOS.app/ClickOnMapiOS";
			};
			name = Release;
		};
		2C7BA31E20C34A1F009FE671 /* Debug */ = {
			isa = XCBuildConfiguration;
			buildSettings = {
				ALWAYS_EMBED_SWIFT_STANDARD_LIBRARIES = YES;
				CODE_SIGN_STYLE = Automatic;
				DEVELOPMENT_TEAM = LJ9A6KM544;
				INFOPLIST_FILE = ClickOnMapiOSUITests/Info.plist;
				LD_RUNPATH_SEARCH_PATHS = "$(inherited) @executable_path/Frameworks @loader_path/Frameworks";
				PRODUCT_BUNDLE_IDENTIFIER = ZoardGeocze.ClickOnMapiOSUITests;
				PRODUCT_NAME = "$(TARGET_NAME)";
				SWIFT_VERSION = 4.0;
				TARGETED_DEVICE_FAMILY = "1,2";
				TEST_TARGET_NAME = ClickOnMapiOS;
			};
			name = Debug;
		};
		2C7BA31F20C34A1F009FE671 /* Release */ = {
			isa = XCBuildConfiguration;
			buildSettings = {
				ALWAYS_EMBED_SWIFT_STANDARD_LIBRARIES = YES;
				CODE_SIGN_STYLE = Automatic;
				DEVELOPMENT_TEAM = LJ9A6KM544;
				INFOPLIST_FILE = ClickOnMapiOSUITests/Info.plist;
				LD_RUNPATH_SEARCH_PATHS = "$(inherited) @executable_path/Frameworks @loader_path/Frameworks";
				PRODUCT_BUNDLE_IDENTIFIER = ZoardGeocze.ClickOnMapiOSUITests;
				PRODUCT_NAME = "$(TARGET_NAME)";
				SWIFT_VERSION = 4.0;
				TARGETED_DEVICE_FAMILY = "1,2";
				TEST_TARGET_NAME = ClickOnMapiOS;
			};
			name = Release;
		};
/* End XCBuildConfiguration section */

/* Begin XCConfigurationList section */
		2C7BA2EA20C34A1E009FE671 /* Build configuration list for PBXProject "ClickOnMapiOS" */ = {
			isa = XCConfigurationList;
			buildConfigurations = (
				2C7BA31520C34A1F009FE671 /* Debug */,
				2C7BA31620C34A1F009FE671 /* Release */,
			);
			defaultConfigurationIsVisible = 0;
			defaultConfigurationName = Release;
		};
		2C7BA31720C34A1F009FE671 /* Build configuration list for PBXNativeTarget "ClickOnMapiOS" */ = {
			isa = XCConfigurationList;
			buildConfigurations = (
				2C7BA31820C34A1F009FE671 /* Debug */,
				2C7BA31920C34A1F009FE671 /* Release */,
			);
			defaultConfigurationIsVisible = 0;
			defaultConfigurationName = Release;
		};
		2C7BA31A20C34A1F009FE671 /* Build configuration list for PBXNativeTarget "ClickOnMapiOSTests" */ = {
			isa = XCConfigurationList;
			buildConfigurations = (
				2C7BA31B20C34A1F009FE671 /* Debug */,
				2C7BA31C20C34A1F009FE671 /* Release */,
			);
			defaultConfigurationIsVisible = 0;
			defaultConfigurationName = Release;
		};
		2C7BA31D20C34A1F009FE671 /* Build configuration list for PBXNativeTarget "ClickOnMapiOSUITests" */ = {
			isa = XCConfigurationList;
			buildConfigurations = (
				2C7BA31E20C34A1F009FE671 /* Debug */,
				2C7BA31F20C34A1F009FE671 /* Release */,
			);
			defaultConfigurationIsVisible = 0;
			defaultConfigurationName = Release;
		};
/* End XCConfigurationList section */
	};
	rootObject = 2C7BA2E720C34A1E009FE671 /* Project object */;
}
