// !$*UTF8*$!
{
	archiveVersion = 1;
	classes = {
	};
	objectVersion = 48;
	objects = {

/* Begin PBXBuildFile section */
		2C15F217214082C50073F7DF /* MapViewController.swift in Sources */ = {isa = PBXBuildFile; fileRef = 2C15F216214082C50073F7DF /* MapViewController.swift */; };
		2C15F21D2140957C0073F7DF /* PendingCollaborationsViewController.swift in Sources */ = {isa = PBXBuildFile; fileRef = 2C15F21C2140957C0073F7DF /* PendingCollaborationsViewController.swift */; };
		2C15F21F2140990D0073F7DF /* PendingCollaborationsTableViewCell.swift in Sources */ = {isa = PBXBuildFile; fileRef = 2C15F21E2140990D0073F7DF /* PendingCollaborationsTableViewCell.swift */; };
		2C15F22121409A9A0073F7DF /* Collaboration.swift in Sources */ = {isa = PBXBuildFile; fileRef = 2C15F22021409A9A0073F7DF /* Collaboration.swift */; };
		2C7BA2F320C34A1E009FE671 /* AppDelegate.swift in Sources */ = {isa = PBXBuildFile; fileRef = 2C7BA2F220C34A1E009FE671 /* AppDelegate.swift */; };
		2C7BA2F520C34A1E009FE671 /* HubViewController.swift in Sources */ = {isa = PBXBuildFile; fileRef = 2C7BA2F420C34A1E009FE671 /* HubViewController.swift */; };
		2C7BA2FA20C34A1E009FE671 /* Assets.xcassets in Resources */ = {isa = PBXBuildFile; fileRef = 2C7BA2F920C34A1E009FE671 /* Assets.xcassets */; };
		2C7BA2FD20C34A1E009FE671 /* LaunchScreen.storyboard in Resources */ = {isa = PBXBuildFile; fileRef = 2C7BA2FB20C34A1E009FE671 /* LaunchScreen.storyboard */; };
		2C7BA30820C34A1F009FE671 /* ClickOnMapiOSTests.swift in Sources */ = {isa = PBXBuildFile; fileRef = 2C7BA30720C34A1F009FE671 /* ClickOnMapiOSTests.swift */; };
		2C7BA31320C34A1F009FE671 /* ClickOnMapiOSUITests.swift in Sources */ = {isa = PBXBuildFile; fileRef = 2C7BA31220C34A1F009FE671 /* ClickOnMapiOSUITests.swift */; };
		2C99019D213C811F00B5D001 /* Main.storyboard in Resources */ = {isa = PBXBuildFile; fileRef = 2C99019C213C811F00B5D001 /* Main.storyboard */; };
		2C9901A3213C845600B5D001 /* VGISystem.swift in Sources */ = {isa = PBXBuildFile; fileRef = 2C9901A2213C845600B5D001 /* VGISystem.swift */; };
		2C9901A8213C90D800B5D001 /* LoginViewController.swift in Sources */ = {isa = PBXBuildFile; fileRef = 2C9901A7213C90D800B5D001 /* LoginViewController.swift */; };
		2C9901AC213CA25600B5D001 /* RegisterViewController.swift in Sources */ = {isa = PBXBuildFile; fileRef = 2C9901AB213CA25600B5D001 /* RegisterViewController.swift */; };
		2C9901B1213CAD8200B5D001 /* AddSystemViewController.swift in Sources */ = {isa = PBXBuildFile; fileRef = 2C9901B0213CAD8200B5D001 /* AddSystemViewController.swift */; };
		2C9901B3213CADC900B5D001 /* AddSystemViewCell.swift in Sources */ = {isa = PBXBuildFile; fileRef = 2C9901B2213CADC900B5D001 /* AddSystemViewCell.swift */; };
		2CB956DB213ECF0A00EA9E75 /* SystemMenuViewController.swift in Sources */ = {isa = PBXBuildFile; fileRef = 2CB956DA213ECF0A00EA9E75 /* SystemMenuViewController.swift */; };
		2CEA7F8A20DA0B9700392A5A /* HubCollectionViewCell.swift in Sources */ = {isa = PBXBuildFile; fileRef = 2CEA7F8920DA0B9700392A5A /* HubCollectionViewCell.swift */; };
		5A85BC11984229B6FF265DCB /* Pods_ClickOnMapiOSTests.framework in Frameworks */ = {isa = PBXBuildFile; fileRef = 0114A0C69CF09948282F2FD8 /* Pods_ClickOnMapiOSTests.framework */; };
		E7B03D902D868690A205EB92 /* Pods_ClickOnMapiOS.framework in Frameworks */ = {isa = PBXBuildFile; fileRef = B208C355BA68DBC61E64BEDD /* Pods_ClickOnMapiOS.framework */; };
		EA5B4042864FC1ED1BB4842D /* Pods_ClickOnMapiOSUITests.framework in Frameworks */ = {isa = PBXBuildFile; fileRef = B4C502256293411FD8ADEDA2 /* Pods_ClickOnMapiOSUITests.framework */; };
/* End PBXBuildFile section */

/* Begin PBXContainerItemProxy section */
		2C7BA30420C34A1F009FE671 /* PBXContainerItemProxy */ = {
			isa = PBXContainerItemProxy;
			containerPortal = 2C7BA2E720C34A1E009FE671 /* Project object */;
			proxyType = 1;
			remoteGlobalIDString = 2C7BA2EE20C34A1E009FE671;
			remoteInfo = ClickOnMapiOS;
		};
		2C7BA30F20C34A1F009FE671 /* PBXContainerItemProxy */ = {
			isa = PBXContainerItemProxy;
			containerPortal = 2C7BA2E720C34A1E009FE671 /* Project object */;
			proxyType = 1;
			remoteGlobalIDString = 2C7BA2EE20C34A1E009FE671;
			remoteInfo = ClickOnMapiOS;
		};
/* End PBXContainerItemProxy section */

/* Begin PBXFileReference section */
		0114A0C69CF09948282F2FD8 /* Pods_ClickOnMapiOSTests.framework */ = {isa = PBXFileReference; explicitFileType = wrapper.framework; includeInIndex = 0; path = Pods_ClickOnMapiOSTests.framework; sourceTree = BUILT_PRODUCTS_DIR; };
		2C15F216214082C50073F7DF /* MapViewController.swift */ = {isa = PBXFileReference; lastKnownFileType = sourcecode.swift; path = MapViewController.swift; sourceTree = "<group>"; };
		2C15F21C2140957C0073F7DF /* PendingCollaborationsViewController.swift */ = {isa = PBXFileReference; lastKnownFileType = sourcecode.swift; path = PendingCollaborationsViewController.swift; sourceTree = "<group>"; };
		2C15F21E2140990D0073F7DF /* PendingCollaborationsTableViewCell.swift */ = {isa = PBXFileReference; lastKnownFileType = sourcecode.swift; path = PendingCollaborationsTableViewCell.swift; sourceTree = "<group>"; };
		2C15F22021409A9A0073F7DF /* Collaboration.swift */ = {isa = PBXFileReference; lastKnownFileType = sourcecode.swift; path = Collaboration.swift; sourceTree = "<group>"; };
		2C7BA2EF20C34A1E009FE671 /* ClickOnMapiOS.app */ = {isa = PBXFileReference; explicitFileType = wrapper.application; includeInIndex = 0; path = ClickOnMapiOS.app; sourceTree = BUILT_PRODUCTS_DIR; };
		2C7BA2F220C34A1E009FE671 /* AppDelegate.swift */ = {isa = PBXFileReference; lastKnownFileType = sourcecode.swift; path = AppDelegate.swift; sourceTree = "<group>"; };
		2C7BA2F420C34A1E009FE671 /* HubViewController.swift */ = {isa = PBXFileReference; lastKnownFileType = sourcecode.swift; path = HubViewController.swift; sourceTree = "<group>"; };
		2C7BA2F920C34A1E009FE671 /* Assets.xcassets */ = {isa = PBXFileReference; lastKnownFileType = folder.assetcatalog; path = Assets.xcassets; sourceTree = "<group>"; };
		2C7BA2FC20C34A1E009FE671 /* Base */ = {isa = PBXFileReference; lastKnownFileType = file.storyboard; name = Base; path = Base.lproj/LaunchScreen.storyboard; sourceTree = "<group>"; };
		2C7BA2FE20C34A1E009FE671 /* Info.plist */ = {isa = PBXFileReference; lastKnownFileType = text.plist.xml; path = Info.plist; sourceTree = "<group>"; };
		2C7BA30320C34A1F009FE671 /* ClickOnMapiOSTests.xctest */ = {isa = PBXFileReference; explicitFileType = wrapper.cfbundle; includeInIndex = 0; path = ClickOnMapiOSTests.xctest; sourceTree = BUILT_PRODUCTS_DIR; };
		2C7BA30720C34A1F009FE671 /* ClickOnMapiOSTests.swift */ = {isa = PBXFileReference; lastKnownFileType = sourcecode.swift; path = ClickOnMapiOSTests.swift; sourceTree = "<group>"; };
		2C7BA30920C34A1F009FE671 /* Info.plist */ = {isa = PBXFileReference; lastKnownFileType = text.plist.xml; path = Info.plist; sourceTree = "<group>"; };
		2C7BA30E20C34A1F009FE671 /* ClickOnMapiOSUITests.xctest */ = {isa = PBXFileReference; explicitFileType = wrapper.cfbundle; includeInIndex = 0; path = ClickOnMapiOSUITests.xctest; sourceTree = BUILT_PRODUCTS_DIR; };
		2C7BA31220C34A1F009FE671 /* ClickOnMapiOSUITests.swift */ = {isa = PBXFileReference; lastKnownFileType = sourcecode.swift; path = ClickOnMapiOSUITests.swift; sourceTree = "<group>"; };
		2C7BA31420C34A1F009FE671 /* Info.plist */ = {isa = PBXFileReference; lastKnownFileType = text.plist.xml; path = Info.plist; sourceTree = "<group>"; };
		2C99019C213C811F00B5D001 /* Main.storyboard */ = {isa = PBXFileReference; lastKnownFileType = file.storyboard; path = Main.storyboard; sourceTree = "<group>"; };
		2C9901A2213C845600B5D001 /* VGISystem.swift */ = {isa = PBXFileReference; lastKnownFileType = sourcecode.swift; path = VGISystem.swift; sourceTree = "<group>"; };
		2C9901A7213C90D800B5D001 /* LoginViewController.swift */ = {isa = PBXFileReference; lastKnownFileType = sourcecode.swift; path = LoginViewController.swift; sourceTree = "<group>"; };
		2C9901AB213CA25600B5D001 /* RegisterViewController.swift */ = {isa = PBXFileReference; lastKnownFileType = sourcecode.swift; path = RegisterViewController.swift; sourceTree = "<group>"; };
		2C9901B0213CAD8200B5D001 /* AddSystemViewController.swift */ = {isa = PBXFileReference; lastKnownFileType = sourcecode.swift; path = AddSystemViewController.swift; sourceTree = "<group>"; };
		2C9901B2213CADC900B5D001 /* AddSystemViewCell.swift */ = {isa = PBXFileReference; lastKnownFileType = sourcecode.swift; path = AddSystemViewCell.swift; sourceTree = "<group>"; };
		2CB956DA213ECF0A00EA9E75 /* SystemMenuViewController.swift */ = {isa = PBXFileReference; lastKnownFileType = sourcecode.swift; path = SystemMenuViewController.swift; sourceTree = "<group>"; };
		2CEA7F8920DA0B9700392A5A /* HubCollectionViewCell.swift */ = {isa = PBXFileReference; lastKnownFileType = sourcecode.swift; path = HubCollectionViewCell.swift; sourceTree = "<group>"; };
		3FFDAB5FE6F2D6B3C8B5C5AD /* Pods-ClickOnMapiOSUITests.release.xcconfig */ = {isa = PBXFileReference; includeInIndex = 1; lastKnownFileType = text.xcconfig; name = "Pods-ClickOnMapiOSUITests.release.xcconfig"; path = "Pods/Target Support Files/Pods-ClickOnMapiOSUITests/Pods-ClickOnMapiOSUITests.release.xcconfig"; sourceTree = "<group>"; };
		6C871C3637214B7F87535B8B /* Pods-ClickOnMapiOS.release.xcconfig */ = {isa = PBXFileReference; includeInIndex = 1; lastKnownFileType = text.xcconfig; name = "Pods-ClickOnMapiOS.release.xcconfig"; path = "Pods/Target Support Files/Pods-ClickOnMapiOS/Pods-ClickOnMapiOS.release.xcconfig"; sourceTree = "<group>"; };
		7AABD19324CB8F178D3FCF92 /* Pods-ClickOnMapiOS.debug.xcconfig */ = {isa = PBXFileReference; includeInIndex = 1; lastKnownFileType = text.xcconfig; name = "Pods-ClickOnMapiOS.debug.xcconfig"; path = "Pods/Target Support Files/Pods-ClickOnMapiOS/Pods-ClickOnMapiOS.debug.xcconfig"; sourceTree = "<group>"; };
		9761D3C8ADD7D76453441E9D /* Pods-ClickOnMapiOSTests.debug.xcconfig */ = {isa = PBXFileReference; includeInIndex = 1; lastKnownFileType = text.xcconfig; name = "Pods-ClickOnMapiOSTests.debug.xcconfig"; path = "Pods/Target Support Files/Pods-ClickOnMapiOSTests/Pods-ClickOnMapiOSTests.debug.xcconfig"; sourceTree = "<group>"; };
		B208C355BA68DBC61E64BEDD /* Pods_ClickOnMapiOS.framework */ = {isa = PBXFileReference; explicitFileType = wrapper.framework; includeInIndex = 0; path = Pods_ClickOnMapiOS.framework; sourceTree = BUILT_PRODUCTS_DIR; };
		B4C502256293411FD8ADEDA2 /* Pods_ClickOnMapiOSUITests.framework */ = {isa = PBXFileReference; explicitFileType = wrapper.framework; includeInIndex = 0; path = Pods_ClickOnMapiOSUITests.framework; sourceTree = BUILT_PRODUCTS_DIR; };
		F08F0098E80F8A92B7DCBED7 /* Pods-ClickOnMapiOSTests.release.xcconfig */ = {isa = PBXFileReference; includeInIndex = 1; lastKnownFileType = text.xcconfig; name = "Pods-ClickOnMapiOSTests.release.xcconfig"; path = "Pods/Target Support Files/Pods-ClickOnMapiOSTests/Pods-ClickOnMapiOSTests.release.xcconfig"; sourceTree = "<group>"; };
		F579206149A2CAE1C25A6EE7 /* Pods-ClickOnMapiOSUITests.debug.xcconfig */ = {isa = PBXFileReference; includeInIndex = 1; lastKnownFileType = text.xcconfig; name = "Pods-ClickOnMapiOSUITests.debug.xcconfig"; path = "Pods/Target Support Files/Pods-ClickOnMapiOSUITests/Pods-ClickOnMapiOSUITests.debug.xcconfig"; sourceTree = "<group>"; };
/* End PBXFileReference section */

/* Begin PBXFrameworksBuildPhase section */
		2C7BA2EC20C34A1E009FE671 /* Frameworks */ = {
			isa = PBXFrameworksBuildPhase;
			buildActionMask = 2147483647;
			files = (
				E7B03D902D868690A205EB92 /* Pods_ClickOnMapiOS.framework in Frameworks */,
			);
			runOnlyForDeploymentPostprocessing = 0;
		};
		2C7BA30020C34A1F009FE671 /* Frameworks */ = {
			isa = PBXFrameworksBuildPhase;
			buildActionMask = 2147483647;
			files = (
				5A85BC11984229B6FF265DCB /* Pods_ClickOnMapiOSTests.framework in Frameworks */,
			);
			runOnlyForDeploymentPostprocessing = 0;
		};
		2C7BA30B20C34A1F009FE671 /* Frameworks */ = {
			isa = PBXFrameworksBuildPhase;
			buildActionMask = 2147483647;
			files = (
				EA5B4042864FC1ED1BB4842D /* Pods_ClickOnMapiOSUITests.framework in Frameworks */,
			);
			runOnlyForDeploymentPostprocessing = 0;
		};
/* End PBXFrameworksBuildPhase section */

/* Begin PBXGroup section */
		2C15F2152140829F0073F7DF /* Map */ = {
			isa = PBXGroup;
			children = (
				2C15F218214082CB0073F7DF /* Controller */,
			);
			path = Map;
			sourceTree = "<group>";
		};
		2C15F218214082CB0073F7DF /* Controller */ = {
			isa = PBXGroup;
			children = (
				2C15F216214082C50073F7DF /* MapViewController.swift */,
			);
			path = Controller;
			sourceTree = "<group>";
		};
		2C15F219214095480073F7DF /* Pending Collaborations */ = {
			isa = PBXGroup;
			children = (
				2C15F21B2140955C0073F7DF /* Controller */,
				2C15F21A214095560073F7DF /* View */,
			);
			path = "Pending Collaborations";
			sourceTree = "<group>";
		};
		2C15F21A214095560073F7DF /* View */ = {
			isa = PBXGroup;
			children = (
				2C15F21E2140990D0073F7DF /* PendingCollaborationsTableViewCell.swift */,
			);
			path = View;
			sourceTree = "<group>";
		};
		2C15F21B2140955C0073F7DF /* Controller */ = {
			isa = PBXGroup;
			children = (
				2C15F21C2140957C0073F7DF /* PendingCollaborationsViewController.swift */,
			);
			path = Controller;
			sourceTree = "<group>";
		};
		2C7BA2E620C34A1E009FE671 = {
			isa = PBXGroup;
			children = (
				2C7BA2F120C34A1E009FE671 /* ClickOnMapiOS */,
				2C7BA30620C34A1F009FE671 /* ClickOnMapiOSTests */,
				2C7BA31120C34A1F009FE671 /* ClickOnMapiOSUITests */,
				2C7BA2F020C34A1E009FE671 /* Products */,
				C41E6C15C55ED3869B377357 /* Pods */,
				96177FDFB609116E5BC5F650 /* Frameworks */,
			);
			sourceTree = "<group>";
		};
		2C7BA2F020C34A1E009FE671 /* Products */ = {
			isa = PBXGroup;
			children = (
				2C7BA2EF20C34A1E009FE671 /* ClickOnMapiOS.app */,
				2C7BA30320C34A1F009FE671 /* ClickOnMapiOSTests.xctest */,
				2C7BA30E20C34A1F009FE671 /* ClickOnMapiOSUITests.xctest */,
			);
			name = Products;
			sourceTree = "<group>";
		};
		2C7BA2F120C34A1E009FE671 /* ClickOnMapiOS */ = {
			isa = PBXGroup;
			children = (
				2C15F219214095480073F7DF /* Pending Collaborations */,
				2C15F2152140829F0073F7DF /* Map */,
				2CB956D8213ECEA600EA9E75 /* System Menu */,
				2C99019E213C822D00B5D001 /* Hub */,
				2C9901A4213C8DF800B5D001 /* Login */,
				2C9901A9213CA23300B5D001 /* Register */,
				2C9901AD213CAD3F00B5D001 /* Add System */,
				2C9901A1213C844000B5D001 /* Model */,
				2C7BA2F220C34A1E009FE671 /* AppDelegate.swift */,
				2C7BA2F920C34A1E009FE671 /* Assets.xcassets */,
				2C99019C213C811F00B5D001 /* Main.storyboard */,
				2C7BA2FB20C34A1E009FE671 /* LaunchScreen.storyboard */,
				2C7BA2FE20C34A1E009FE671 /* Info.plist */,
			);
			path = ClickOnMapiOS;
			sourceTree = "<group>";
		};
		2C7BA30620C34A1F009FE671 /* ClickOnMapiOSTests */ = {
			isa = PBXGroup;
			children = (
				2C7BA30720C34A1F009FE671 /* ClickOnMapiOSTests.swift */,
				2C7BA30920C34A1F009FE671 /* Info.plist */,
			);
			path = ClickOnMapiOSTests;
			sourceTree = "<group>";
		};
		2C7BA31120C34A1F009FE671 /* ClickOnMapiOSUITests */ = {
			isa = PBXGroup;
			children = (
				2C7BA31220C34A1F009FE671 /* ClickOnMapiOSUITests.swift */,
				2C7BA31420C34A1F009FE671 /* Info.plist */,
			);
			path = ClickOnMapiOSUITests;
			sourceTree = "<group>";
		};
		2C99019E213C822D00B5D001 /* Hub */ = {
			isa = PBXGroup;
			children = (
				2C99019F213C823B00B5D001 /* Controller */,
				2C9901A0213C826900B5D001 /* View */,
			);
			path = Hub;
			sourceTree = "<group>";
		};
		2C99019F213C823B00B5D001 /* Controller */ = {
			isa = PBXGroup;
			children = (
				2C7BA2F420C34A1E009FE671 /* HubViewController.swift */,
			);
			path = Controller;
			sourceTree = "<group>";
		};
		2C9901A0213C826900B5D001 /* View */ = {
			isa = PBXGroup;
			children = (
				2CEA7F8920DA0B9700392A5A /* HubCollectionViewCell.swift */,
			);
			path = View;
			sourceTree = "<group>";
		};
		2C9901A1213C844000B5D001 /* Model */ = {
			isa = PBXGroup;
			children = (
				2C9901A2213C845600B5D001 /* VGISystem.swift */,
				2C15F22021409A9A0073F7DF /* Collaboration.swift */,
			);
			path = Model;
			sourceTree = "<group>";
		};
		2C9901A4213C8DF800B5D001 /* Login */ = {
			isa = PBXGroup;
			children = (
				2C9901A5213C909F00B5D001 /* Controller */,
			);
			path = Login;
			sourceTree = "<group>";
		};
		2C9901A5213C909F00B5D001 /* Controller */ = {
			isa = PBXGroup;
			children = (
				2C9901A7213C90D800B5D001 /* LoginViewController.swift */,
			);
			path = Controller;
			sourceTree = "<group>";
		};
		2C9901A9213CA23300B5D001 /* Register */ = {
			isa = PBXGroup;
			children = (
				2C9901AA213CA24400B5D001 /* Controller */,
			);
			path = Register;
			sourceTree = "<group>";
		};
		2C9901AA213CA24400B5D001 /* Controller */ = {
			isa = PBXGroup;
			children = (
				2C9901AB213CA25600B5D001 /* RegisterViewController.swift */,
			);
			path = Controller;
			sourceTree = "<group>";
		};
		2C9901AD213CAD3F00B5D001 /* Add System */ = {
			isa = PBXGroup;
			children = (
				2C9901AF213CAD6200B5D001 /* Controller */,
				2C9901AE213CAD5600B5D001 /* View */,
			);
			path = "Add System";
			sourceTree = "<group>";
		};
		2C9901AE213CAD5600B5D001 /* View */ = {
			isa = PBXGroup;
			children = (
				2C9901B2213CADC900B5D001 /* AddSystemViewCell.swift */,
			);
			path = View;
			sourceTree = "<group>";
		};
		2C9901AF213CAD6200B5D001 /* Controller */ = {
			isa = PBXGroup;
			children = (
				2C9901B0213CAD8200B5D001 /* AddSystemViewController.swift */,
			);
			path = Controller;
			sourceTree = "<group>";
		};
		2CB956D8213ECEA600EA9E75 /* System Menu */ = {
			isa = PBXGroup;
			children = (
				2CB956D9213ECED700EA9E75 /* Controller */,
			);
			path = "System Menu";
			sourceTree = "<group>";
		};
		2CB956D9213ECED700EA9E75 /* Controller */ = {
			isa = PBXGroup;
			children = (
				2CB956DA213ECF0A00EA9E75 /* SystemMenuViewController.swift */,
			);
			path = Controller;
			sourceTree = "<group>";
		};
		96177FDFB609116E5BC5F650 /* Frameworks */ = {
			isa = PBXGroup;
			children = (
				B208C355BA68DBC61E64BEDD /* Pods_ClickOnMapiOS.framework */,
				0114A0C69CF09948282F2FD8 /* Pods_ClickOnMapiOSTests.framework */,
				B4C502256293411FD8ADEDA2 /* Pods_ClickOnMapiOSUITests.framework */,
			);
			name = Frameworks;
			sourceTree = "<group>";
		};
		C41E6C15C55ED3869B377357 /* Pods */ = {
			isa = PBXGroup;
			children = (
				7AABD19324CB8F178D3FCF92 /* Pods-ClickOnMapiOS.debug.xcconfig */,
				6C871C3637214B7F87535B8B /* Pods-ClickOnMapiOS.release.xcconfig */,
				9761D3C8ADD7D76453441E9D /* Pods-ClickOnMapiOSTests.debug.xcconfig */,
				F08F0098E80F8A92B7DCBED7 /* Pods-ClickOnMapiOSTests.release.xcconfig */,
				F579206149A2CAE1C25A6EE7 /* Pods-ClickOnMapiOSUITests.debug.xcconfig */,
				3FFDAB5FE6F2D6B3C8B5C5AD /* Pods-ClickOnMapiOSUITests.release.xcconfig */,
			);
			name = Pods;
			sourceTree = "<group>";
		};
/* End PBXGroup section */

/* Begin PBXNativeTarget section */
		2C7BA2EE20C34A1E009FE671 /* ClickOnMapiOS */ = {
			isa = PBXNativeTarget;
			buildConfigurationList = 2C7BA31720C34A1F009FE671 /* Build configuration list for PBXNativeTarget "ClickOnMapiOS" */;
			buildPhases = (
				C9083308353554916CB6955A /* [CP] Check Pods Manifest.lock */,
				2C7BA2EB20C34A1E009FE671 /* Sources */,
				2C7BA2EC20C34A1E009FE671 /* Frameworks */,
				2C7BA2ED20C34A1E009FE671 /* Resources */,
				D5D46F69F2A1D5FCF5A0E51F /* [CP] Embed Pods Frameworks */,
				8E06E66E59C5C9E25C36928A /* [CP] Copy Pods Resources */,
			);
			buildRules = (
			);
			dependencies = (
			);
			name = ClickOnMapiOS;
			productName = ClickOnMapiOS;
			productReference = 2C7BA2EF20C34A1E009FE671 /* ClickOnMapiOS.app */;
			productType = "com.apple.product-type.application";
		};
		2C7BA30220C34A1F009FE671 /* ClickOnMapiOSTests */ = {
			isa = PBXNativeTarget;
			buildConfigurationList = 2C7BA31A20C34A1F009FE671 /* Build configuration list for PBXNativeTarget "ClickOnMapiOSTests" */;
			buildPhases = (
				3831B4E85B2D79DFC8A57C11 /* [CP] Check Pods Manifest.lock */,
				2C7BA2FF20C34A1F009FE671 /* Sources */,
				2C7BA30020C34A1F009FE671 /* Frameworks */,
				2C7BA30120C34A1F009FE671 /* Resources */,
			);
			buildRules = (
			);
			dependencies = (
				2C7BA30520C34A1F009FE671 /* PBXTargetDependency */,
			);
			name = ClickOnMapiOSTests;
			productName = ClickOnMapiOSTests;
			productReference = 2C7BA30320C34A1F009FE671 /* ClickOnMapiOSTests.xctest */;
			productType = "com.apple.product-type.bundle.unit-test";
		};
		2C7BA30D20C34A1F009FE671 /* ClickOnMapiOSUITests */ = {
			isa = PBXNativeTarget;
			buildConfigurationList = 2C7BA31D20C34A1F009FE671 /* Build configuration list for PBXNativeTarget "ClickOnMapiOSUITests" */;
			buildPhases = (
				DC39B8DCAE4B4CE14FB4CBBE /* [CP] Check Pods Manifest.lock */,
				2C7BA30A20C34A1F009FE671 /* Sources */,
				2C7BA30B20C34A1F009FE671 /* Frameworks */,
				2C7BA30C20C34A1F009FE671 /* Resources */,
			);
			buildRules = (
			);
			dependencies = (
				2C7BA31020C34A1F009FE671 /* PBXTargetDependency */,
			);
			name = ClickOnMapiOSUITests;
			productName = ClickOnMapiOSUITests;
			productReference = 2C7BA30E20C34A1F009FE671 /* ClickOnMapiOSUITests.xctest */;
			productType = "com.apple.product-type.bundle.ui-testing";
		};
/* End PBXNativeTarget section */

/* Begin PBXProject section */
		2C7BA2E720C34A1E009FE671 /* Project object */ = {
			isa = PBXProject;
			attributes = {
				LastSwiftUpdateCheck = 0910;
				LastUpgradeCheck = 0910;
				ORGANIZATIONNAME = "Zoárd Geöcze";
				TargetAttributes = {
					2C7BA2EE20C34A1E009FE671 = {
						CreatedOnToolsVersion = 9.1;
						ProvisioningStyle = Automatic;
					};
					2C7BA30220C34A1F009FE671 = {
						CreatedOnToolsVersion = 9.1;
						ProvisioningStyle = Automatic;
						TestTargetID = 2C7BA2EE20C34A1E009FE671;
					};
					2C7BA30D20C34A1F009FE671 = {
						CreatedOnToolsVersion = 9.1;
						ProvisioningStyle = Automatic;
						TestTargetID = 2C7BA2EE20C34A1E009FE671;
					};
				};
			};
			buildConfigurationList = 2C7BA2EA20C34A1E009FE671 /* Build configuration list for PBXProject "ClickOnMapiOS" */;
			compatibilityVersion = "Xcode 8.0";
			developmentRegion = en;
			hasScannedForEncodings = 0;
			knownRegions = (
				en,
				Base,
			);
			mainGroup = 2C7BA2E620C34A1E009FE671;
			productRefGroup = 2C7BA2F020C34A1E009FE671 /* Products */;
			projectDirPath = "";
			projectRoot = "";
			targets = (
				2C7BA2EE20C34A1E009FE671 /* ClickOnMapiOS */,
				2C7BA30220C34A1F009FE671 /* ClickOnMapiOSTests */,
				2C7BA30D20C34A1F009FE671 /* ClickOnMapiOSUITests */,
			);
		};
/* End PBXProject section */

/* Begin PBXResourcesBuildPhase section */
		2C7BA2ED20C34A1E009FE671 /* Resources */ = {
			isa = PBXResourcesBuildPhase;
			buildActionMask = 2147483647;
			files = (
				2C7BA2FD20C34A1E009FE671 /* LaunchScreen.storyboard in Resources */,
				2C99019D213C811F00B5D001 /* Main.storyboard in Resources */,
				2C7BA2FA20C34A1E009FE671 /* Assets.xcassets in Resources */,
			);
			runOnlyForDeploymentPostprocessing = 0;
		};
		2C7BA30120C34A1F009FE671 /* Resources */ = {
			isa = PBXResourcesBuildPhase;
			buildActionMask = 2147483647;
			files = (
			);
			runOnlyForDeploymentPostprocessing = 0;
		};
		2C7BA30C20C34A1F009FE671 /* Resources */ = {
			isa = PBXResourcesBuildPhase;
			buildActionMask = 2147483647;
			files = (
			);
			runOnlyForDeploymentPostprocessing = 0;
		};
/* End PBXResourcesBuildPhase section */

/* Begin PBXShellScriptBuildPhase section */
		3831B4E85B2D79DFC8A57C11 /* [CP] Check Pods Manifest.lock */ = {
			isa = PBXShellScriptBuildPhase;
			buildActionMask = 2147483647;
			files = (
			);
			inputPaths = (
				"${PODS_PODFILE_DIR_PATH}/Podfile.lock",
				"${PODS_ROOT}/Manifest.lock",
			);
			name = "[CP] Check Pods Manifest.lock";
			outputPaths = (
				"$(DERIVED_FILE_DIR)/Pods-ClickOnMapiOSTests-checkManifestLockResult.txt",
			);
			runOnlyForDeploymentPostprocessing = 0;
			shellPath = /bin/sh;
			shellScript = "diff \"${PODS_PODFILE_DIR_PATH}/Podfile.lock\" \"${PODS_ROOT}/Manifest.lock\" > /dev/null\nif [ $? != 0 ] ; then\n    # print error to STDERR\n    echo \"error: The sandbox is not in sync with the Podfile.lock. Run 'pod install' or update your CocoaPods installation.\" >&2\n    exit 1\nfi\n# This output is used by Xcode 'outputs' to avoid re-running this script phase.\necho \"SUCCESS\" > \"${SCRIPT_OUTPUT_FILE_0}\"\n";
			showEnvVarsInLog = 0;
		};
		8E06E66E59C5C9E25C36928A /* [CP] Copy Pods Resources */ = {
			isa = PBXShellScriptBuildPhase;
			buildActionMask = 2147483647;
			files = (
			);
			inputPaths = (
				"${SRCROOT}/Pods/Target Support Files/Pods-ClickOnMapiOS/Pods-ClickOnMapiOS-resources.sh",
				"${PODS_ROOT}/GoogleMaps/Maps/Frameworks/GoogleMaps.framework/Resources/GoogleMaps.bundle",
				"${PODS_ROOT}/GooglePlaces/Frameworks/GooglePlaces.framework/Resources/GooglePlaces.bundle",
			);
			name = "[CP] Copy Pods Resources";
			outputPaths = (
				"${TARGET_BUILD_DIR}/${UNLOCALIZED_RESOURCES_FOLDER_PATH}/GoogleMaps.bundle",
				"${TARGET_BUILD_DIR}/${UNLOCALIZED_RESOURCES_FOLDER_PATH}/GooglePlaces.bundle",
			);
			runOnlyForDeploymentPostprocessing = 0;
			shellPath = /bin/sh;
			shellScript = "\"${SRCROOT}/Pods/Target Support Files/Pods-ClickOnMapiOS/Pods-ClickOnMapiOS-resources.sh\"\n";
			showEnvVarsInLog = 0;
		};
		C9083308353554916CB6955A /* [CP] Check Pods Manifest.lock */ = {
			isa = PBXShellScriptBuildPhase;
			buildActionMask = 2147483647;
			files = (
			);
			inputPaths = (
				"${PODS_PODFILE_DIR_PATH}/Podfile.lock",
				"${PODS_ROOT}/Manifest.lock",
			);
			name = "[CP] Check Pods Manifest.lock";
			outputPaths = (
				"$(DERIVED_FILE_DIR)/Pods-ClickOnMapiOS-checkManifestLockResult.txt",
			);
			runOnlyForDeploymentPostprocessing = 0;
			shellPath = /bin/sh;
			shellScript = "diff \"${PODS_PODFILE_DIR_PATH}/Podfile.lock\" \"${PODS_ROOT}/Manifest.lock\" > /dev/null\nif [ $? != 0 ] ; then\n    # print error to STDERR\n    echo \"error: The sandbox is not in sync with the Podfile.lock. Run 'pod install' or update your CocoaPods installation.\" >&2\n    exit 1\nfi\n# This output is used by Xcode 'outputs' to avoid re-running this script phase.\necho \"SUCCESS\" > \"${SCRIPT_OUTPUT_FILE_0}\"\n";
			showEnvVarsInLog = 0;
		};
		D5D46F69F2A1D5FCF5A0E51F /* [CP] Embed Pods Frameworks */ = {
			isa = PBXShellScriptBuildPhase;
			buildActionMask = 2147483647;
			files = (
			);
			inputPaths = (
				"${SRCROOT}/Pods/Target Support Files/Pods-ClickOnMapiOS/Pods-ClickOnMapiOS-frameworks.sh",
				"${BUILT_PRODUCTS_DIR}/SkyFloatingLabelTextField/SkyFloatingLabelTextField.framework",
			);
			name = "[CP] Embed Pods Frameworks";
			outputPaths = (
				"${TARGET_BUILD_DIR}/${FRAMEWORKS_FOLDER_PATH}/SkyFloatingLabelTextField.framework",
			);
			runOnlyForDeploymentPostprocessing = 0;
			shellPath = /bin/sh;
			shellScript = "\"${SRCROOT}/Pods/Target Support Files/Pods-ClickOnMapiOS/Pods-ClickOnMapiOS-frameworks.sh\"\n";
			showEnvVarsInLog = 0;
		};
		DC39B8DCAE4B4CE14FB4CBBE /* [CP] Check Pods Manifest.lock */ = {
			isa = PBXShellScriptBuildPhase;
			buildActionMask = 2147483647;
			files = (
			);
			inputPaths = (
				"${PODS_PODFILE_DIR_PATH}/Podfile.lock",
				"${PODS_ROOT}/Manifest.lock",
			);
			name = "[CP] Check Pods Manifest.lock";
			outputPaths = (
				"$(DERIVED_FILE_DIR)/Pods-ClickOnMapiOSUITests-checkManifestLockResult.txt",
			);
			runOnlyForDeploymentPostprocessing = 0;
			shellPath = /bin/sh;
			shellScript = "diff \"${PODS_PODFILE_DIR_PATH}/Podfile.lock\" \"${PODS_ROOT}/Manifest.lock\" > /dev/null\nif [ $? != 0 ] ; then\n    # print error to STDERR\n    echo \"error: The sandbox is not in sync with the Podfile.lock. Run 'pod install' or update your CocoaPods installation.\" >&2\n    exit 1\nfi\n# This output is used by Xcode 'outputs' to avoid re-running this script phase.\necho \"SUCCESS\" > \"${SCRIPT_OUTPUT_FILE_0}\"\n";
			showEnvVarsInLog = 0;
		};
/* End PBXShellScriptBuildPhase section */

/* Begin PBXSourcesBuildPhase section */
		2C7BA2EB20C34A1E009FE671 /* Sources */ = {
			isa = PBXSourcesBuildPhase;
			buildActionMask = 2147483647;
			files = (
				2C7BA2F520C34A1E009FE671 /* HubViewController.swift in Sources */,
				2CB956DB213ECF0A00EA9E75 /* SystemMenuViewController.swift in Sources */,
				2C9901A3213C845600B5D001 /* VGISystem.swift in Sources */,
				2C15F217214082C50073F7DF /* MapViewController.swift in Sources */,
				2C7BA2F320C34A1E009FE671 /* AppDelegate.swift in Sources */,
				2C15F21D2140957C0073F7DF /* PendingCollaborationsViewController.swift in Sources */,
				2C15F22121409A9A0073F7DF /* Collaboration.swift in Sources */,
				2C9901B3213CADC900B5D001 /* AddSystemViewCell.swift in Sources */,
				2C9901AC213CA25600B5D001 /* RegisterViewController.swift in Sources */,
				2C9901B1213CAD8200B5D001 /* AddSystemViewController.swift in Sources */,
				2C9901A8213C90D800B5D001 /* LoginViewController.swift in Sources */,
				2CEA7F8A20DA0B9700392A5A /* HubCollectionViewCell.swift in Sources */,
				2C15F21F2140990D0073F7DF /* PendingCollaborationsTableViewCell.swift in Sources */,
			);
			runOnlyForDeploymentPostprocessing = 0;
		};
		2C7BA2FF20C34A1F009FE671 /* Sources */ = {
			isa = PBXSourcesBuildPhase;
			buildActionMask = 2147483647;
			files = (
				2C7BA30820C34A1F009FE671 /* ClickOnMapiOSTests.swift in Sources */,
			);
			runOnlyForDeploymentPostprocessing = 0;
		};
		2C7BA30A20C34A1F009FE671 /* Sources */ = {
			isa = PBXSourcesBuildPhase;
			buildActionMask = 2147483647;
			files = (
				2C7BA31320C34A1F009FE671 /* ClickOnMapiOSUITests.swift in Sources */,
			);
			runOnlyForDeploymentPostprocessing = 0;
		};
/* End PBXSourcesBuildPhase section */

/* Begin PBXTargetDependency section */
		2C7BA30520C34A1F009FE671 /* PBXTargetDependency */ = {
			isa = PBXTargetDependency;
			target = 2C7BA2EE20C34A1E009FE671 /* ClickOnMapiOS */;
			targetProxy = 2C7BA30420C34A1F009FE671 /* PBXContainerItemProxy */;
		};
		2C7BA31020C34A1F009FE671 /* PBXTargetDependency */ = {
			isa = PBXTargetDependency;
			target = 2C7BA2EE20C34A1E009FE671 /* ClickOnMapiOS */;
			targetProxy = 2C7BA30F20C34A1F009FE671 /* PBXContainerItemProxy */;
		};
/* End PBXTargetDependency section */

/* Begin PBXVariantGroup section */
		2C7BA2FB20C34A1E009FE671 /* LaunchScreen.storyboard */ = {
			isa = PBXVariantGroup;
			children = (
				2C7BA2FC20C34A1E009FE671 /* Base */,
			);
			name = LaunchScreen.storyboard;
			sourceTree = "<group>";
		};
/* End PBXVariantGroup section */

/* Begin XCBuildConfiguration section */
		2C7BA31520C34A1F009FE671 /* Debug */ = {
			isa = XCBuildConfiguration;
			buildSettings = {
				ALWAYS_SEARCH_USER_PATHS = NO;
				CLANG_ANALYZER_NONNULL = YES;
				CLANG_ANALYZER_NUMBER_OBJECT_CONVERSION = YES_AGGRESSIVE;
				CLANG_CXX_LANGUAGE_STANDARD = "gnu++14";
				CLANG_CXX_LIBRARY = "libc++";
				CLANG_ENABLE_MODULES = YES;
				CLANG_ENABLE_OBJC_ARC = YES;
				CLANG_WARN_BLOCK_CAPTURE_AUTORELEASING = YES;
				CLANG_WARN_BOOL_CONVERSION = YES;
				CLANG_WARN_COMMA = YES;
				CLANG_WARN_CONSTANT_CONVERSION = YES;
				CLANG_WARN_DIRECT_OBJC_ISA_USAGE = YES_ERROR;
				CLANG_WARN_DOCUMENTATION_COMMENTS = YES;
				CLANG_WARN_EMPTY_BODY = YES;
				CLANG_WARN_ENUM_CONVERSION = YES;
				CLANG_WARN_INFINITE_RECURSION = YES;
				CLANG_WARN_INT_CONVERSION = YES;
				CLANG_WARN_NON_LITERAL_NULL_CONVERSION = YES;
				CLANG_WARN_OBJC_LITERAL_CONVERSION = YES;
				CLANG_WARN_OBJC_ROOT_CLASS = YES_ERROR;
				CLANG_WARN_RANGE_LOOP_ANALYSIS = YES;
				CLANG_WARN_STRICT_PROTOTYPES = YES;
				CLANG_WARN_SUSPICIOUS_MOVE = YES;
				CLANG_WARN_UNGUARDED_AVAILABILITY = YES_AGGRESSIVE;
				CLANG_WARN_UNREACHABLE_CODE = YES;
				CLANG_WARN__DUPLICATE_METHOD_MATCH = YES;
				CODE_SIGN_IDENTITY = "iPhone Developer";
				COPY_PHASE_STRIP = NO;
				DEBUG_INFORMATION_FORMAT = dwarf;
				ENABLE_STRICT_OBJC_MSGSEND = YES;
				ENABLE_TESTABILITY = YES;
				GCC_C_LANGUAGE_STANDARD = gnu11;
				GCC_DYNAMIC_NO_PIC = NO;
				GCC_NO_COMMON_BLOCKS = YES;
				GCC_OPTIMIZATION_LEVEL = 0;
				GCC_PREPROCESSOR_DEFINITIONS = (
					"DEBUG=1",
					"$(inherited)",
				);
				GCC_WARN_64_TO_32_BIT_CONVERSION = YES;
				GCC_WARN_ABOUT_RETURN_TYPE = YES_ERROR;
				GCC_WARN_UNDECLARED_SELECTOR = YES;
				GCC_WARN_UNINITIALIZED_AUTOS = YES_AGGRESSIVE;
				GCC_WARN_UNUSED_FUNCTION = YES;
				GCC_WARN_UNUSED_VARIABLE = YES;
				IPHONEOS_DEPLOYMENT_TARGET = 11.1;
				MTL_ENABLE_DEBUG_INFO = YES;
				ONLY_ACTIVE_ARCH = YES;
				SDKROOT = iphoneos;
				SWIFT_ACTIVE_COMPILATION_CONDITIONS = DEBUG;
				SWIFT_OPTIMIZATION_LEVEL = "-Onone";
			};
			name = Debug;
		};
		2C7BA31620C34A1F009FE671 /* Release */ = {
			isa = XCBuildConfiguration;
			buildSettings = {
				ALWAYS_SEARCH_USER_PATHS = NO;
				CLANG_ANALYZER_NONNULL = YES;
				CLANG_ANALYZER_NUMBER_OBJECT_CONVERSION = YES_AGGRESSIVE;
				CLANG_CXX_LANGUAGE_STANDARD = "gnu++14";
				CLANG_CXX_LIBRARY = "libc++";
				CLANG_ENABLE_MODULES = YES;
				CLANG_ENABLE_OBJC_ARC = YES;
				CLANG_WARN_BLOCK_CAPTURE_AUTORELEASING = YES;
				CLANG_WARN_BOOL_CONVERSION = YES;
				CLANG_WARN_COMMA = YES;
				CLANG_WARN_CONSTANT_CONVERSION = YES;
				CLANG_WARN_DIRECT_OBJC_ISA_USAGE = YES_ERROR;
				CLANG_WARN_DOCUMENTATION_COMMENTS = YES;
				CLANG_WARN_EMPTY_BODY = YES;
				CLANG_WARN_ENUM_CONVERSION = YES;
				CLANG_WARN_INFINITE_RECURSION = YES;
				CLANG_WARN_INT_CONVERSION = YES;
				CLANG_WARN_NON_LITERAL_NULL_CONVERSION = YES;
				CLANG_WARN_OBJC_LITERAL_CONVERSION = YES;
				CLANG_WARN_OBJC_ROOT_CLASS = YES_ERROR;
				CLANG_WARN_RANGE_LOOP_ANALYSIS = YES;
				CLANG_WARN_STRICT_PROTOTYPES = YES;
				CLANG_WARN_SUSPICIOUS_MOVE = YES;
				CLANG_WARN_UNGUARDED_AVAILABILITY = YES_AGGRESSIVE;
				CLANG_WARN_UNREACHABLE_CODE = YES;
				CLANG_WARN__DUPLICATE_METHOD_MATCH = YES;
				CODE_SIGN_IDENTITY = "iPhone Developer";
				COPY_PHASE_STRIP = NO;
				DEBUG_INFORMATION_FORMAT = "dwarf-with-dsym";
				ENABLE_NS_ASSERTIONS = NO;
				ENABLE_STRICT_OBJC_MSGSEND = YES;
				GCC_C_LANGUAGE_STANDARD = gnu11;
				GCC_NO_COMMON_BLOCKS = YES;
				GCC_WARN_64_TO_32_BIT_CONVERSION = YES;
				GCC_WARN_ABOUT_RETURN_TYPE = YES_ERROR;
				GCC_WARN_UNDECLARED_SELECTOR = YES;
				GCC_WARN_UNINITIALIZED_AUTOS = YES_AGGRESSIVE;
				GCC_WARN_UNUSED_FUNCTION = YES;
				GCC_WARN_UNUSED_VARIABLE = YES;
				IPHONEOS_DEPLOYMENT_TARGET = 11.1;
				MTL_ENABLE_DEBUG_INFO = NO;
				SDKROOT = iphoneos;
				SWIFT_OPTIMIZATION_LEVEL = "-Owholemodule";
				VALIDATE_PRODUCT = YES;
			};
			name = Release;
		};
		2C7BA31820C34A1F009FE671 /* Debug */ = {
			isa = XCBuildConfiguration;
			baseConfigurationReference = 7AABD19324CB8F178D3FCF92 /* Pods-ClickOnMapiOS.debug.xcconfig */;
			buildSettings = {
				ASSETCATALOG_COMPILER_APPICON_NAME = AppIcon;
				CODE_SIGN_STYLE = Automatic;
				DEVELOPMENT_TEAM = T27P2U47KX;
				INFOPLIST_FILE = ClickOnMapiOS/Info.plist;
				LD_RUNPATH_SEARCH_PATHS = "$(inherited) @executable_path/Frameworks";
				PRODUCT_BUNDLE_IDENTIFIER = ZoardGeocze.ClickOnMapiOS;
				PRODUCT_NAME = "$(TARGET_NAME)";
				SWIFT_VERSION = 4.0;
				TARGETED_DEVICE_FAMILY = 1;
			};
			name = Debug;
		};
		2C7BA31920C34A1F009FE671 /* Release */ = {
			isa = XCBuildConfiguration;
			baseConfigurationReference = 6C871C3637214B7F87535B8B /* Pods-ClickOnMapiOS.release.xcconfig */;
			buildSettings = {
				ASSETCATALOG_COMPILER_APPICON_NAME = AppIcon;
				CODE_SIGN_STYLE = Automatic;
				DEVELOPMENT_TEAM = T27P2U47KX;
				INFOPLIST_FILE = ClickOnMapiOS/Info.plist;
				LD_RUNPATH_SEARCH_PATHS = "$(inherited) @executable_path/Frameworks";
				PRODUCT_BUNDLE_IDENTIFIER = ZoardGeocze.ClickOnMapiOS;
				PRODUCT_NAME = "$(TARGET_NAME)";
				SWIFT_VERSION = 4.0;
				TARGETED_DEVICE_FAMILY = 1;
			};
			name = Release;
		};
		2C7BA31B20C34A1F009FE671 /* Debug */ = {
			isa = XCBuildConfiguration;
			baseConfigurationReference = 9761D3C8ADD7D76453441E9D /* Pods-ClickOnMapiOSTests.debug.xcconfig */;
			buildSettings = {
				ALWAYS_EMBED_SWIFT_STANDARD_LIBRARIES = YES;
				BUNDLE_LOADER = "$(TEST_HOST)";
				CODE_SIGN_STYLE = Automatic;
				DEVELOPMENT_TEAM = LJ9A6KM544;
				INFOPLIST_FILE = ClickOnMapiOSTests/Info.plist;
				LD_RUNPATH_SEARCH_PATHS = "$(inherited) @executable_path/Frameworks @loader_path/Frameworks";
				PRODUCT_BUNDLE_IDENTIFIER = ZoardGeocze.ClickOnMapiOSTests;
				PRODUCT_NAME = "$(TARGET_NAME)";
				SWIFT_VERSION = 4.0;
				TARGETED_DEVICE_FAMILY = "1,2";
				TEST_HOST = "$(BUILT_PRODUCTS_DIR)/ClickOnMapiOS.app/ClickOnMapiOS";
			};
			name = Debug;
		};
		2C7BA31C20C34A1F009FE671 /* Release */ = {
			isa = XCBuildConfiguration;
			baseConfigurationReference = F08F0098E80F8A92B7DCBED7 /* Pods-ClickOnMapiOSTests.release.xcconfig */;
			buildSettings = {
				ALWAYS_EMBED_SWIFT_STANDARD_LIBRARIES = YES;
				BUNDLE_LOADER = "$(TEST_HOST)";
				CODE_SIGN_STYLE = Automatic;
				DEVELOPMENT_TEAM = LJ9A6KM544;
				INFOPLIST_FILE = ClickOnMapiOSTests/Info.plist;
				LD_RUNPATH_SEARCH_PATHS = "$(inherited) @executable_path/Frameworks @loader_path/Frameworks";
				PRODUCT_BUNDLE_IDENTIFIER = ZoardGeocze.ClickOnMapiOSTests;
				PRODUCT_NAME = "$(TARGET_NAME)";
				SWIFT_VERSION = 4.0;
				TARGETED_DEVICE_FAMILY = "1,2";
				TEST_HOST = "$(BUILT_PRODUCTS_DIR)/ClickOnMapiOS.app/ClickOnMapiOS";
			};
			name = Release;
		};
		2C7BA31E20C34A1F009FE671 /* Debug */ = {
			isa = XCBuildConfiguration;
			baseConfigurationReference = F579206149A2CAE1C25A6EE7 /* Pods-ClickOnMapiOSUITests.debug.xcconfig */;
			buildSettings = {
				ALWAYS_EMBED_SWIFT_STANDARD_LIBRARIES = YES;
				CODE_SIGN_STYLE = Automatic;
				DEVELOPMENT_TEAM = LJ9A6KM544;
				INFOPLIST_FILE = ClickOnMapiOSUITests/Info.plist;
				LD_RUNPATH_SEARCH_PATHS = "$(inherited) @executable_path/Frameworks @loader_path/Frameworks";
				PRODUCT_BUNDLE_IDENTIFIER = ZoardGeocze.ClickOnMapiOSUITests;
				PRODUCT_NAME = "$(TARGET_NAME)";
				SWIFT_VERSION = 4.0;
				TARGETED_DEVICE_FAMILY = "1,2";
				TEST_TARGET_NAME = ClickOnMapiOS;
			};
			name = Debug;
		};
		2C7BA31F20C34A1F009FE671 /* Release */ = {
			isa = XCBuildConfiguration;
			baseConfigurationReference = 3FFDAB5FE6F2D6B3C8B5C5AD /* Pods-ClickOnMapiOSUITests.release.xcconfig */;
			buildSettings = {
				ALWAYS_EMBED_SWIFT_STANDARD_LIBRARIES = YES;
				CODE_SIGN_STYLE = Automatic;
				DEVELOPMENT_TEAM = LJ9A6KM544;
				INFOPLIST_FILE = ClickOnMapiOSUITests/Info.plist;
				LD_RUNPATH_SEARCH_PATHS = "$(inherited) @executable_path/Frameworks @loader_path/Frameworks";
				PRODUCT_BUNDLE_IDENTIFIER = ZoardGeocze.ClickOnMapiOSUITests;
				PRODUCT_NAME = "$(TARGET_NAME)";
				SWIFT_VERSION = 4.0;
				TARGETED_DEVICE_FAMILY = "1,2";
				TEST_TARGET_NAME = ClickOnMapiOS;
			};
			name = Release;
		};
/* End XCBuildConfiguration section */

/* Begin XCConfigurationList section */
		2C7BA2EA20C34A1E009FE671 /* Build configuration list for PBXProject "ClickOnMapiOS" */ = {
			isa = XCConfigurationList;
			buildConfigurations = (
				2C7BA31520C34A1F009FE671 /* Debug */,
				2C7BA31620C34A1F009FE671 /* Release */,
			);
			defaultConfigurationIsVisible = 0;
			defaultConfigurationName = Release;
		};
		2C7BA31720C34A1F009FE671 /* Build configuration list for PBXNativeTarget "ClickOnMapiOS" */ = {
			isa = XCConfigurationList;
			buildConfigurations = (
				2C7BA31820C34A1F009FE671 /* Debug */,
				2C7BA31920C34A1F009FE671 /* Release */,
			);
			defaultConfigurationIsVisible = 0;
			defaultConfigurationName = Release;
		};
		2C7BA31A20C34A1F009FE671 /* Build configuration list for PBXNativeTarget "ClickOnMapiOSTests" */ = {
			isa = XCConfigurationList;
			buildConfigurations = (
				2C7BA31B20C34A1F009FE671 /* Debug */,
				2C7BA31C20C34A1F009FE671 /* Release */,
			);
			defaultConfigurationIsVisible = 0;
			defaultConfigurationName = Release;
		};
		2C7BA31D20C34A1F009FE671 /* Build configuration list for PBXNativeTarget "ClickOnMapiOSUITests" */ = {
			isa = XCConfigurationList;
			buildConfigurations = (
				2C7BA31E20C34A1F009FE671 /* Debug */,
				2C7BA31F20C34A1F009FE671 /* Release */,
			);
			defaultConfigurationIsVisible = 0;
			defaultConfigurationName = Release;
		};
/* End XCConfigurationList section */
	};
	rootObject = 2C7BA2E720C34A1E009FE671 /* Project object */;
}
